{
  "name": "marionette-client",
  "version": "1.9.3",
  "dependencies": {
    "debug": {
      "version": "0.6.0",
      "from": "debug@>=0.6.0 <0.7.0",
      "resolved": "https://registry.npmjs.org/debug/-/debug-0.6.0.tgz"
    },
    "json-wire-protocol": {
      "version": "1.0.0",
      "from": "../json-wire-protocol",
      "resolved": "file:../json-wire-protocol"
    },
    "socket-retry-connect": {
      "version": "0.0.1",
      "from": "../socket-retry-connect",
      "resolved": "file:../socket-retry-connect"
    },
    "sockit-to-me": {
      "version": "1.0.2",
      "from": "../sockit-to-me",
      "resolved": "file:../sockit-to-me"
    }
  }
}
